
Microsoft Visual Studio Solution File, Format Version 12.00
# Visual Studio 2012
Project("{FAE04EC0-301F-11D3-BF4B-00C04F79EFBC}") = "GUI", "GUI\GUI.csproj", "{B5D4974D-11E0-4F72-9572-972B3EADD372}"
EndProject
Project("{FAE04EC0-301F-11D3-BF4B-00C04F79EFBC}") = "BUS", "BUS\BUS.csproj", "{AC8476B1-EF46-4FA1-BE0D-D588D7F80C7D}"
EndProject
Project("{FAE04EC0-301F-11D3-BF4B-00C04F79EFBC}") = "DAO", "DAO\DAO.csproj", "{509F387F-7874-4E32-A994-465E328DBA15}"
EndProject
Project("{FAE04EC0-301F-11D3-BF4B-00C04F79EFBC}") = "DTO", "DTO\DTO.csproj", "{9640FE02-3C9B-4D4C-9E82-6BF3376F2C91}"
EndProject
Global
	GlobalSection(SolutionConfigurationPlatforms) = preSolution
		Debug|Any CPU = Debug|Any CPU
		Release|Any CPU = Release|Any CPU
	EndGlobalSection
	GlobalSection(ProjectConfigurationPlatforms) = postSolution
		{B5D4974D-11E0-4F72-9572-972B3EADD372}.Debug|Any CPU.ActiveCfg = Debug|Any CPU
		{B5D4974D-11E0-4F72-9572-972B3EADD372}.Debug|Any CPU.Build.0 = Debug|Any CPU
		{B5D4974D-11E0-4F72-9572-972B3EADD372}.Release|Any CPU.ActiveCfg = Release|Any CPU
		{B5D4974D-11E0-4F72-9572-972B3EADD372}.Release|Any CPU.Build.0 = Release|Any CPU
		{AC8476B1-EF46-4FA1-BE0D-D588D7F80C7D}.Debug|Any CPU.ActiveCfg = Debug|Any CPU
		{AC8476B1-EF46-4FA1-BE0D-D588D7F80C7D}.Debug|Any CPU.Build.0 = Debug|Any CPU
		{AC8476B1-EF46-4FA1-BE0D-D588D7F80C7D}.Release|Any CPU.ActiveCfg = Release|Any CPU
		{AC8476B1-EF46-4FA1-BE0D-D588D7F80C7D}.Release|Any CPU.Build.0 = Release|Any CPU
		{509F387F-7874-4E32-A994-465E328DBA15}.Debug|Any CPU.ActiveCfg = Debug|Any CPU
		{509F387F-7874-4E32-A994-465E328DBA15}.Debug|Any CPU.Build.0 = Debug|Any CPU
		{509F387F-7874-4E32-A994-465E328DBA15}.Release|Any CPU.ActiveCfg = Release|Any CPU
		{509F387F-7874-4E32-A994-465E328DBA15}.Release|Any CPU.Build.0 = Release|Any CPU
		{9640FE02-3C9B-4D4C-9E82-6BF3376F2C91}.Debug|Any CPU.ActiveCfg = Debug|Any CPU
		{9640FE02-3C9B-4D4C-9E82-6BF3376F2C91}.Debug|Any CPU.Build.0 = Debug|Any CPU
		{9640FE02-3C9B-4D4C-9E82-6BF3376F2C91}.Release|Any CPU.ActiveCfg = Release|Any CPU
		{9640FE02-3C9B-4D4C-9E82-6BF3376F2C91}.Release|Any CPU.Build.0 = Release|Any CPU
	EndGlobalSection
	GlobalSection(SolutionProperties) = preSolution
		HideSolutionNode = FALSE
	EndGlobalSection
EndGlobal
